
Microsoft Visual Studio Solution File, Format Version 12.00
# Visual Studio Version 16
VisualStudioVersion = 16.0.30907.101
MinimumVisualStudioVersion = 10.0.40219.1
Project("{9A19103F-16F7-4668-BE54-9A1E7A4F7556}") = "ExportBacpac", "ExportBacpac\ExportBacpac.csproj", "{A7FE18D8-C124-403E-9322-8C34EBCC9428}"
EndProject
Project("{9A19103F-16F7-4668-BE54-9A1E7A4F7556}") = "DacFxCommon", "DacFxCommon\DacFxCommon.csproj", "{291DC824-2723-46FF-8F54-DB0EDACF61F2}"
EndProject
Project("{9A19103F-16F7-4668-BE54-9A1E7A4F7556}") = "ImportBacpac", "ImportBacpac\ImportBacpac.csproj", "{2488D31E-9C03-45CA-884A-71D865A6F7DA}"
EndProject
Project("{2150E333-8FDC-42A3-9474-1A3956D46DE8}") = "Solution Items", "Solution Items", "{29270F5E-0EB4-4F3F-92A1-B3DEB89731E5}"
	ProjectSection(SolutionItems) = preProject
		..\LICENSE = ..\LICENSE
		..\README.md = ..\README.md
	EndProjectSection
EndProject
Project("{FAE04EC0-301F-11D3-BF4B-00C04F79EFBC}") = "ExtractDacpac", "ExtractDacpac\ExtractDacpac.csproj", "{DD27ACA6-8FE6-4974-8853-209005EDCB8C}"
EndProject
Project("{FAE04EC0-301F-11D3-BF4B-00C04F79EFBC}") = "GenerateScript", "GenerateScript\GenerateScript.csproj", "{AEFDDED6-DA3A-482E-81BC-083C926A6290}"
EndProject
Global
	GlobalSection(SolutionConfigurationPlatforms) = preSolution
		Debug|Any CPU = Debug|Any CPU
		Release|Any CPU = Release|Any CPU
	EndGlobalSection
	GlobalSection(ProjectConfigurationPlatforms) = postSolution
		{A7FE18D8-C124-403E-9322-8C34EBCC9428}.Debug|Any CPU.ActiveCfg = Debug|Any CPU
		{A7FE18D8-C124-403E-9322-8C34EBCC9428}.Debug|Any CPU.Build.0 = Debug|Any CPU
		{A7FE18D8-C124-403E-9322-8C34EBCC9428}.Release|Any CPU.ActiveCfg = Release|Any CPU
		{A7FE18D8-C124-403E-9322-8C34EBCC9428}.Release|Any CPU.Build.0 = Release|Any CPU
		{291DC824-2723-46FF-8F54-DB0EDACF61F2}.Debug|Any CPU.ActiveCfg = Debug|Any CPU
		{291DC824-2723-46FF-8F54-DB0EDACF61F2}.Debug|Any CPU.Build.0 = Debug|Any CPU
		{291DC824-2723-46FF-8F54-DB0EDACF61F2}.Release|Any CPU.ActiveCfg = Release|Any CPU
		{291DC824-2723-46FF-8F54-DB0EDACF61F2}.Release|Any CPU.Build.0 = Release|Any CPU
		{2488D31E-9C03-45CA-884A-71D865A6F7DA}.Debug|Any CPU.ActiveCfg = Debug|Any CPU
		{2488D31E-9C03-45CA-884A-71D865A6F7DA}.Debug|Any CPU.Build.0 = Debug|Any CPU
		{2488D31E-9C03-45CA-884A-71D865A6F7DA}.Release|Any CPU.ActiveCfg = Release|Any CPU
		{2488D31E-9C03-45CA-884A-71D865A6F7DA}.Release|Any CPU.Build.0 = Release|Any CPU
		{DD27ACA6-8FE6-4974-8853-209005EDCB8C}.Debug|Any CPU.ActiveCfg = Debug|Any CPU
		{DD27ACA6-8FE6-4974-8853-209005EDCB8C}.Debug|Any CPU.Build.0 = Debug|Any CPU
		{DD27ACA6-8FE6-4974-8853-209005EDCB8C}.Release|Any CPU.ActiveCfg = Release|Any CPU
		{DD27ACA6-8FE6-4974-8853-209005EDCB8C}.Release|Any CPU.Build.0 = Release|Any CPU
		{AEFDDED6-DA3A-482E-81BC-083C926A6290}.Debug|Any CPU.ActiveCfg = Debug|Any CPU
		{AEFDDED6-DA3A-482E-81BC-083C926A6290}.Debug|Any CPU.Build.0 = Debug|Any CPU
		{AEFDDED6-DA3A-482E-81BC-083C926A6290}.Release|Any CPU.ActiveCfg = Release|Any CPU
		{AEFDDED6-DA3A-482E-81BC-083C926A6290}.Release|Any CPU.Build.0 = Release|Any CPU
	EndGlobalSection
	GlobalSection(SolutionProperties) = preSolution
		HideSolutionNode = FALSE
	EndGlobalSection
	GlobalSection(ExtensibilityGlobals) = postSolution
		SolutionGuid = {08A4C708-29D7-4AAA-B79A-C07D276BB5A6}
	EndGlobalSection
EndGlobal
